// !$*UTF8*$!
{
	archiveVersion = 1;
	classes = {
	};
	objectVersion = 56;
	objects = {

/* Begin PBXBuildFile section */
		5D005F982A17D74800ABA6D4 /* AppDelegate.swift in Sources */ = {isa = PBXBuildFile; fileRef = 5D005F972A17D74800ABA6D4 /* AppDelegate.swift */; };
		5D005F9A2A17D74800ABA6D4 /* SceneDelegate.swift in Sources */ = {isa = PBXBuildFile; fileRef = 5D005F992A17D74800ABA6D4 /* SceneDelegate.swift */; };
		5D005FA12A17D74900ABA6D4 /* Assets.xcassets in Resources */ = {isa = PBXBuildFile; fileRef = 5D005FA02A17D74900ABA6D4 /* Assets.xcassets */; };
		5D005FA42A17D74900ABA6D4 /* LaunchScreen.storyboard in Resources */ = {isa = PBXBuildFile; fileRef = 5D005FA22A17D74900ABA6D4 /* LaunchScreen.storyboard */; };
		5D005FB12A17E1DE00ABA6D4 /* SearchUserViewController.swift in Sources */ = {isa = PBXBuildFile; fileRef = 5D005FB02A17E1DE00ABA6D4 /* SearchUserViewController.swift */; };
		5D005FB32A17E1F500ABA6D4 /* SearchUserView.swift in Sources */ = {isa = PBXBuildFile; fileRef = 5D005FB22A17E1F500ABA6D4 /* SearchUserView.swift */; };
		5D005FB72A17E24B00ABA6D4 /* ViewConfiguration.swift in Sources */ = {isa = PBXBuildFile; fileRef = 5D005FB62A17E24B00ABA6D4 /* ViewConfiguration.swift */; };
		5D005FB92A17E65C00ABA6D4 /* SearchUser+ViewMetrics.swift in Sources */ = {isa = PBXBuildFile; fileRef = 5D005FB82A17E65C00ABA6D4 /* SearchUser+ViewMetrics.swift */; };
		5D005FBD2A17E78B00ABA6D4 /* SearchUserTextFieldDelegate.swift in Sources */ = {isa = PBXBuildFile; fileRef = 5D005FBC2A17E78B00ABA6D4 /* SearchUserTextFieldDelegate.swift */; };
		5D005FC12A17F0FE00ABA6D4 /* HTTPGetManager.swift in Sources */ = {isa = PBXBuildFile; fileRef = 5D005FC02A17F0FE00ABA6D4 /* HTTPGetManager.swift */; };
		5D005FC32A17F11E00ABA6D4 /* HTTPError.swift in Sources */ = {isa = PBXBuildFile; fileRef = 5D005FC22A17F11E00ABA6D4 /* HTTPError.swift */; };
		5D005FC82A17F51300ABA6D4 /* SearchUserService.swift in Sources */ = {isa = PBXBuildFile; fileRef = 5D005FC72A17F51300ABA6D4 /* SearchUserService.swift */; };
		5D005FCB2A17F79600ABA6D4 /* User.swift in Sources */ = {isa = PBXBuildFile; fileRef = 5D005FCA2A17F79600ABA6D4 /* User.swift */; };
		5D005FCE2A18000200ABA6D4 /* SearchUserInteractor.swift in Sources */ = {isa = PBXBuildFile; fileRef = 5D005FCD2A18000200ABA6D4 /* SearchUserInteractor.swift */; };
		5D005FD12A18032100ABA6D4 /* UserSearchPresenter.swift in Sources */ = {isa = PBXBuildFile; fileRef = 5D005FD02A18032100ABA6D4 /* UserSearchPresenter.swift */; };
/* End PBXBuildFile section */

/* Begin PBXFileReference section */
		5D005F942A17D74800ABA6D4 /* GitHubApp.app */ = {isa = PBXFileReference; explicitFileType = wrapper.application; includeInIndex = 0; path = GitHubApp.app; sourceTree = BUILT_PRODUCTS_DIR; };
		5D005F972A17D74800ABA6D4 /* AppDelegate.swift */ = {isa = PBXFileReference; lastKnownFileType = sourcecode.swift; path = AppDelegate.swift; sourceTree = "<group>"; };
		5D005F992A17D74800ABA6D4 /* SceneDelegate.swift */ = {isa = PBXFileReference; lastKnownFileType = sourcecode.swift; path = SceneDelegate.swift; sourceTree = "<group>"; };
		5D005FA02A17D74900ABA6D4 /* Assets.xcassets */ = {isa = PBXFileReference; lastKnownFileType = folder.assetcatalog; path = Assets.xcassets; sourceTree = "<group>"; };
		5D005FA32A17D74900ABA6D4 /* Base */ = {isa = PBXFileReference; lastKnownFileType = file.storyboard; name = Base; path = Base.lproj/LaunchScreen.storyboard; sourceTree = "<group>"; };
		5D005FA52A17D74900ABA6D4 /* Info.plist */ = {isa = PBXFileReference; lastKnownFileType = text.plist.xml; path = Info.plist; sourceTree = "<group>"; };
		5D005FB02A17E1DE00ABA6D4 /* SearchUserViewController.swift */ = {isa = PBXFileReference; lastKnownFileType = sourcecode.swift; path = SearchUserViewController.swift; sourceTree = "<group>"; };
		5D005FB22A17E1F500ABA6D4 /* SearchUserView.swift */ = {isa = PBXFileReference; lastKnownFileType = sourcecode.swift; path = SearchUserView.swift; sourceTree = "<group>"; };
		5D005FB62A17E24B00ABA6D4 /* ViewConfiguration.swift */ = {isa = PBXFileReference; lastKnownFileType = sourcecode.swift; path = ViewConfiguration.swift; sourceTree = "<group>"; };
		5D005FB82A17E65C00ABA6D4 /* SearchUser+ViewMetrics.swift */ = {isa = PBXFileReference; lastKnownFileType = sourcecode.swift; path = "SearchUser+ViewMetrics.swift"; sourceTree = "<group>"; };
		5D005FBC2A17E78B00ABA6D4 /* SearchUserTextFieldDelegate.swift */ = {isa = PBXFileReference; lastKnownFileType = sourcecode.swift; path = SearchUserTextFieldDelegate.swift; sourceTree = "<group>"; };
		5D005FC02A17F0FE00ABA6D4 /* HTTPGetManager.swift */ = {isa = PBXFileReference; lastKnownFileType = sourcecode.swift; path = HTTPGetManager.swift; sourceTree = "<group>"; };
		5D005FC22A17F11E00ABA6D4 /* HTTPError.swift */ = {isa = PBXFileReference; lastKnownFileType = sourcecode.swift; path = HTTPError.swift; sourceTree = "<group>"; };
		5D005FC72A17F51300ABA6D4 /* SearchUserService.swift */ = {isa = PBXFileReference; lastKnownFileType = sourcecode.swift; path = SearchUserService.swift; sourceTree = "<group>"; };
		5D005FCA2A17F79600ABA6D4 /* User.swift */ = {isa = PBXFileReference; lastKnownFileType = sourcecode.swift; path = User.swift; sourceTree = "<group>"; };
		5D005FCD2A18000200ABA6D4 /* SearchUserInteractor.swift */ = {isa = PBXFileReference; lastKnownFileType = sourcecode.swift; path = SearchUserInteractor.swift; sourceTree = "<group>"; };
		5D005FD02A18032100ABA6D4 /* UserSearchPresenter.swift */ = {isa = PBXFileReference; lastKnownFileType = sourcecode.swift; path = UserSearchPresenter.swift; sourceTree = "<group>"; };
/* End PBXFileReference section */

/* Begin PBXFrameworksBuildPhase section */
		5D005F912A17D74800ABA6D4 /* Frameworks */ = {
			isa = PBXFrameworksBuildPhase;
			buildActionMask = 2147483647;
			files = (
			);
			runOnlyForDeploymentPostprocessing = 0;
		};
/* End PBXFrameworksBuildPhase section */

/* Begin PBXGroup section */
		5D005F8B2A17D74800ABA6D4 = {
			isa = PBXGroup;
			children = (
				5D005F962A17D74800ABA6D4 /* GitHubApp */,
				5D005F952A17D74800ABA6D4 /* Products */,
			);
			sourceTree = "<group>";
		};
		5D005F952A17D74800ABA6D4 /* Products */ = {
			isa = PBXGroup;
			children = (
				5D005F942A17D74800ABA6D4 /* GitHubApp.app */,
			);
			name = Products;
			sourceTree = "<group>";
		};
		5D005F962A17D74800ABA6D4 /* GitHubApp */ = {
			isa = PBXGroup;
			children = (
				5D005FAB2A17DA6200ABA6D4 /* App */,
				5D005FAC2A17DA6F00ABA6D4 /* AppSceneDelegate */,
				5D005FA02A17D74900ABA6D4 /* Assets.xcassets */,
				5D005FA22A17D74900ABA6D4 /* LaunchScreen.storyboard */,
				5D005FA52A17D74900ABA6D4 /* Info.plist */,
			);
			path = GitHubApp;
			sourceTree = "<group>";
		};
		5D005FAB2A17DA6200ABA6D4 /* App */ = {
			isa = PBXGroup;
			children = (
				5D005FB42A17E23600ABA6D4 /* Utils */,
				5D005FAD2A17E16000ABA6D4 /* SearchUser */,
			);
			path = App;
			sourceTree = "<group>";
		};
		5D005FAC2A17DA6F00ABA6D4 /* AppSceneDelegate */ = {
			isa = PBXGroup;
			children = (
				5D005F972A17D74800ABA6D4 /* AppDelegate.swift */,
				5D005F992A17D74800ABA6D4 /* SceneDelegate.swift */,
			);
			path = AppSceneDelegate;
			sourceTree = "<group>";
		};
		5D005FAD2A17E16000ABA6D4 /* SearchUser */ = {
			isa = PBXGroup;
			children = (
				5D005FC92A17F75A00ABA6D4 /* Model */,
				5D005FBB2A17E75800ABA6D4 /* Delegate */,
				5D005FAE2A17E18800ABA6D4 /* View */,
				5D005FAF2A17E18E00ABA6D4 /* ViewController */,
				5D005FCC2A17FFE700ABA6D4 /* Interactor */,
				5D005FCF2A1802EA00ABA6D4 /* Presenter */,
				5D005FC62A17F46100ABA6D4 /* Service */,
			);
			path = SearchUser;
			sourceTree = "<group>";
		};
		5D005FAE2A17E18800ABA6D4 /* View */ = {
			isa = PBXGroup;
			children = (
				5D005FB22A17E1F500ABA6D4 /* SearchUserView.swift */,
				5D005FB82A17E65C00ABA6D4 /* SearchUser+ViewMetrics.swift */,
			);
			path = View;
			sourceTree = "<group>";
		};
		5D005FAF2A17E18E00ABA6D4 /* ViewController */ = {
			isa = PBXGroup;
			children = (
				5D005FB02A17E1DE00ABA6D4 /* SearchUserViewController.swift */,
			);
			path = ViewController;
			sourceTree = "<group>";
		};
		5D005FB42A17E23600ABA6D4 /* Utils */ = {
			isa = PBXGroup;
			children = (
				5D005FBE2A17F0ED00ABA6D4 /* Network */,
				5D005FB52A17E23B00ABA6D4 /* View */,
			);
			path = Utils;
			sourceTree = "<group>";
		};
		5D005FB52A17E23B00ABA6D4 /* View */ = {
			isa = PBXGroup;
			children = (
				5D005FB62A17E24B00ABA6D4 /* ViewConfiguration.swift */,
			);
			path = View;
			sourceTree = "<group>";
		};
		5D005FBB2A17E75800ABA6D4 /* Delegate */ = {
			isa = PBXGroup;
			children = (
				5D005FBC2A17E78B00ABA6D4 /* SearchUserTextFieldDelegate.swift */,
			);
			path = Delegate;
			sourceTree = "<group>";
		};
		5D005FBE2A17F0ED00ABA6D4 /* Network */ = {
			isa = PBXGroup;
			children = (
				5D005FBF2A17F0F300ABA6D4 /* HTTP */,
			);
			path = Network;
			sourceTree = "<group>";
		};
		5D005FBF2A17F0F300ABA6D4 /* HTTP */ = {
			isa = PBXGroup;
			children = (
				5D005FC02A17F0FE00ABA6D4 /* HTTPGetManager.swift */,
				5D005FC22A17F11E00ABA6D4 /* HTTPError.swift */,
			);
			path = HTTP;
			sourceTree = "<group>";
		};
		5D005FC62A17F46100ABA6D4 /* Service */ = {
			isa = PBXGroup;
			children = (
				5D005FC72A17F51300ABA6D4 /* SearchUserService.swift */,
			);
			path = Service;
			sourceTree = "<group>";
		};
		5D005FC92A17F75A00ABA6D4 /* Model */ = {
			isa = PBXGroup;
			children = (
				5D005FCA2A17F79600ABA6D4 /* User.swift */,
			);
			path = Model;
			sourceTree = "<group>";
		};
		5D005FCC2A17FFE700ABA6D4 /* Interactor */ = {
			isa = PBXGroup;
			children = (
				5D005FCD2A18000200ABA6D4 /* SearchUserInteractor.swift */,
			);
			path = Interactor;
			sourceTree = "<group>";
		};
		5D005FCF2A1802EA00ABA6D4 /* Presenter */ = {
			isa = PBXGroup;
			children = (
				5D005FD02A18032100ABA6D4 /* UserSearchPresenter.swift */,
			);
			path = Presenter;
			sourceTree = "<group>";
		};
/* End PBXGroup section */

/* Begin PBXNativeTarget section */
		5D005F932A17D74800ABA6D4 /* GitHubApp */ = {
			isa = PBXNativeTarget;
			buildConfigurationList = 5D005FA82A17D74900ABA6D4 /* Build configuration list for PBXNativeTarget "GitHubApp" */;
			buildPhases = (
				5D005F902A17D74800ABA6D4 /* Sources */,
				5D005F912A17D74800ABA6D4 /* Frameworks */,
				5D005F922A17D74800ABA6D4 /* Resources */,
			);
			buildRules = (
			);
			dependencies = (
			);
			name = GitHubApp;
			productName = GitHubApp;
			productReference = 5D005F942A17D74800ABA6D4 /* GitHubApp.app */;
			productType = "com.apple.product-type.application";
		};
/* End PBXNativeTarget section */

/* Begin PBXProject section */
		5D005F8C2A17D74800ABA6D4 /* Project object */ = {
			isa = PBXProject;
			attributes = {
				BuildIndependentTargetsInParallel = 1;
				LastSwiftUpdateCheck = 1420;
				LastUpgradeCheck = 1420;
				TargetAttributes = {
					5D005F932A17D74800ABA6D4 = {
						CreatedOnToolsVersion = 14.2;
					};
				};
			};
			buildConfigurationList = 5D005F8F2A17D74800ABA6D4 /* Build configuration list for PBXProject "GitHubApp" */;
			compatibilityVersion = "Xcode 14.0";
			developmentRegion = en;
			hasScannedForEncodings = 0;
			knownRegions = (
				en,
				Base,
			);
			mainGroup = 5D005F8B2A17D74800ABA6D4;
			productRefGroup = 5D005F952A17D74800ABA6D4 /* Products */;
			projectDirPath = "";
			projectRoot = "";
			targets = (
				5D005F932A17D74800ABA6D4 /* GitHubApp */,
			);
		};
/* End PBXProject section */

/* Begin PBXResourcesBuildPhase section */
		5D005F922A17D74800ABA6D4 /* Resources */ = {
			isa = PBXResourcesBuildPhase;
			buildActionMask = 2147483647;
			files = (
				5D005FA42A17D74900ABA6D4 /* LaunchScreen.storyboard in Resources */,
				5D005FA12A17D74900ABA6D4 /* Assets.xcassets in Resources */,
			);
			runOnlyForDeploymentPostprocessing = 0;
		};
/* End PBXResourcesBuildPhase section */

/* Begin PBXSourcesBuildPhase section */
		5D005F902A17D74800ABA6D4 /* Sources */ = {
			isa = PBXSourcesBuildPhase;
			buildActionMask = 2147483647;
			files = (
				5D005FB12A17E1DE00ABA6D4 /* SearchUserViewController.swift in Sources */,
				5D005FC32A17F11E00ABA6D4 /* HTTPError.swift in Sources */,
				5D005FB92A17E65C00ABA6D4 /* SearchUser+ViewMetrics.swift in Sources */,
				5D005FBD2A17E78B00ABA6D4 /* SearchUserTextFieldDelegate.swift in Sources */,
				5D005FB32A17E1F500ABA6D4 /* SearchUserView.swift in Sources */,
				5D005FC82A17F51300ABA6D4 /* SearchUserService.swift in Sources */,
				5D005FB72A17E24B00ABA6D4 /* ViewConfiguration.swift in Sources */,
				5D005F982A17D74800ABA6D4 /* AppDelegate.swift in Sources */,
				5D005F9A2A17D74800ABA6D4 /* SceneDelegate.swift in Sources */,
				5D005FD12A18032100ABA6D4 /* UserSearchPresenter.swift in Sources */,
				5D005FCE2A18000200ABA6D4 /* SearchUserInteractor.swift in Sources */,
				5D005FC12A17F0FE00ABA6D4 /* HTTPGetManager.swift in Sources */,
				5D005FCB2A17F79600ABA6D4 /* User.swift in Sources */,
			);
			runOnlyForDeploymentPostprocessing = 0;
		};
/* End PBXSourcesBuildPhase section */

/* Begin PBXVariantGroup section */
		5D005FA22A17D74900ABA6D4 /* LaunchScreen.storyboard */ = {
			isa = PBXVariantGroup;
			children = (
				5D005FA32A17D74900ABA6D4 /* Base */,
			);
			name = LaunchScreen.storyboard;
			sourceTree = "<group>";
		};
/* End PBXVariantGroup section */

/* Begin XCBuildConfiguration section */
		5D005FA62A17D74900ABA6D4 /* Debug */ = {
			isa = XCBuildConfiguration;
			buildSettings = {
				ALWAYS_SEARCH_USER_PATHS = NO;
				CLANG_ANALYZER_NONNULL = YES;
				CLANG_ANALYZER_NUMBER_OBJECT_CONVERSION = YES_AGGRESSIVE;
				CLANG_CXX_LANGUAGE_STANDARD = "gnu++20";
				CLANG_ENABLE_MODULES = YES;
				CLANG_ENABLE_OBJC_ARC = YES;
				CLANG_ENABLE_OBJC_WEAK = YES;
				CLANG_WARN_BLOCK_CAPTURE_AUTORELEASING = YES;
				CLANG_WARN_BOOL_CONVERSION = YES;
				CLANG_WARN_COMMA = YES;
				CLANG_WARN_CONSTANT_CONVERSION = YES;
				CLANG_WARN_DEPRECATED_OBJC_IMPLEMENTATIONS = YES;
				CLANG_WARN_DIRECT_OBJC_ISA_USAGE = YES_ERROR;
				CLANG_WARN_DOCUMENTATION_COMMENTS = YES;
				CLANG_WARN_EMPTY_BODY = YES;
				CLANG_WARN_ENUM_CONVERSION = YES;
				CLANG_WARN_INFINITE_RECURSION = YES;
				CLANG_WARN_INT_CONVERSION = YES;
				CLANG_WARN_NON_LITERAL_NULL_CONVERSION = YES;
				CLANG_WARN_OBJC_IMPLICIT_RETAIN_SELF = YES;
				CLANG_WARN_OBJC_LITERAL_CONVERSION = YES;
				CLANG_WARN_OBJC_ROOT_CLASS = YES_ERROR;
				CLANG_WARN_QUOTED_INCLUDE_IN_FRAMEWORK_HEADER = YES;
				CLANG_WARN_RANGE_LOOP_ANALYSIS = YES;
				CLANG_WARN_STRICT_PROTOTYPES = YES;
				CLANG_WARN_SUSPICIOUS_MOVE = YES;
				CLANG_WARN_UNGUARDED_AVAILABILITY = YES_AGGRESSIVE;
				CLANG_WARN_UNREACHABLE_CODE = YES;
				CLANG_WARN__DUPLICATE_METHOD_MATCH = YES;
				COPY_PHASE_STRIP = NO;
				DEBUG_INFORMATION_FORMAT = dwarf;
				ENABLE_STRICT_OBJC_MSGSEND = YES;
				ENABLE_TESTABILITY = YES;
				GCC_C_LANGUAGE_STANDARD = gnu11;
				GCC_DYNAMIC_NO_PIC = NO;
				GCC_NO_COMMON_BLOCKS = YES;
				GCC_OPTIMIZATION_LEVEL = 0;
				GCC_PREPROCESSOR_DEFINITIONS = (
					"DEBUG=1",
					"$(inherited)",
				);
				GCC_WARN_64_TO_32_BIT_CONVERSION = YES;
				GCC_WARN_ABOUT_RETURN_TYPE = YES_ERROR;
				GCC_WARN_UNDECLARED_SELECTOR = YES;
				GCC_WARN_UNINITIALIZED_AUTOS = YES_AGGRESSIVE;
				GCC_WARN_UNUSED_FUNCTION = YES;
				GCC_WARN_UNUSED_VARIABLE = YES;
				IPHONEOS_DEPLOYMENT_TARGET = 16.2;
				MTL_ENABLE_DEBUG_INFO = INCLUDE_SOURCE;
				MTL_FAST_MATH = YES;
				ONLY_ACTIVE_ARCH = YES;
				SDKROOT = iphoneos;
				SWIFT_ACTIVE_COMPILATION_CONDITIONS = DEBUG;
				SWIFT_OPTIMIZATION_LEVEL = "-Onone";
			};
			name = Debug;
		};
		5D005FA72A17D74900ABA6D4 /* Release */ = {
			isa = XCBuildConfiguration;
			buildSettings = {
				ALWAYS_SEARCH_USER_PATHS = NO;
				CLANG_ANALYZER_NONNULL = YES;
				CLANG_ANALYZER_NUMBER_OBJECT_CONVERSION = YES_AGGRESSIVE;
				CLANG_CXX_LANGUAGE_STANDARD = "gnu++20";
				CLANG_ENABLE_MODULES = YES;
				CLANG_ENABLE_OBJC_ARC = YES;
				CLANG_ENABLE_OBJC_WEAK = YES;
				CLANG_WARN_BLOCK_CAPTURE_AUTORELEASING = YES;
				CLANG_WARN_BOOL_CONVERSION = YES;
				CLANG_WARN_COMMA = YES;
				CLANG_WARN_CONSTANT_CONVERSION = YES;
				CLANG_WARN_DEPRECATED_OBJC_IMPLEMENTATIONS = YES;
				CLANG_WARN_DIRECT_OBJC_ISA_USAGE = YES_ERROR;
				CLANG_WARN_DOCUMENTATION_COMMENTS = YES;
				CLANG_WARN_EMPTY_BODY = YES;
				CLANG_WARN_ENUM_CONVERSION = YES;
				CLANG_WARN_INFINITE_RECURSION = YES;
				CLANG_WARN_INT_CONVERSION = YES;
				CLANG_WARN_NON_LITERAL_NULL_CONVERSION = YES;
				CLANG_WARN_OBJC_IMPLICIT_RETAIN_SELF = YES;
				CLANG_WARN_OBJC_LITERAL_CONVERSION = YES;
				CLANG_WARN_OBJC_ROOT_CLASS = YES_ERROR;
				CLANG_WARN_QUOTED_INCLUDE_IN_FRAMEWORK_HEADER = YES;
				CLANG_WARN_RANGE_LOOP_ANALYSIS = YES;
				CLANG_WARN_STRICT_PROTOTYPES = YES;
				CLANG_WARN_SUSPICIOUS_MOVE = YES;
				CLANG_WARN_UNGUARDED_AVAILABILITY = YES_AGGRESSIVE;
				CLANG_WARN_UNREACHABLE_CODE = YES;
				CLANG_WARN__DUPLICATE_METHOD_MATCH = YES;
				COPY_PHASE_STRIP = NO;
				DEBUG_INFORMATION_FORMAT = "dwarf-with-dsym";
				ENABLE_NS_ASSERTIONS = NO;
				ENABLE_STRICT_OBJC_MSGSEND = YES;
				GCC_C_LANGUAGE_STANDARD = gnu11;
				GCC_NO_COMMON_BLOCKS = YES;
				GCC_WARN_64_TO_32_BIT_CONVERSION = YES;
				GCC_WARN_ABOUT_RETURN_TYPE = YES_ERROR;
				GCC_WARN_UNDECLARED_SELECTOR = YES;
				GCC_WARN_UNINITIALIZED_AUTOS = YES_AGGRESSIVE;
				GCC_WARN_UNUSED_FUNCTION = YES;
				GCC_WARN_UNUSED_VARIABLE = YES;
				IPHONEOS_DEPLOYMENT_TARGET = 16.2;
				MTL_ENABLE_DEBUG_INFO = NO;
				MTL_FAST_MATH = YES;
				SDKROOT = iphoneos;
				SWIFT_COMPILATION_MODE = wholemodule;
				SWIFT_OPTIMIZATION_LEVEL = "-O";
				VALIDATE_PRODUCT = YES;
			};
			name = Release;
		};
		5D005FA92A17D74900ABA6D4 /* Debug */ = {
			isa = XCBuildConfiguration;
			buildSettings = {
				ASSETCATALOG_COMPILER_APPICON_NAME = AppIcon;
				ASSETCATALOG_COMPILER_GLOBAL_ACCENT_COLOR_NAME = AccentColor;
				CODE_SIGN_STYLE = Automatic;
				CURRENT_PROJECT_VERSION = 1;
				DEVELOPMENT_TEAM = JA3K44V4L9;
				GENERATE_INFOPLIST_FILE = YES;
				INFOPLIST_FILE = GitHubApp/Info.plist;
				INFOPLIST_KEY_UIApplicationSupportsIndirectInputEvents = YES;
				INFOPLIST_KEY_UILaunchStoryboardName = LaunchScreen;
				INFOPLIST_KEY_UISupportedInterfaceOrientations_iPad = "UIInterfaceOrientationPortrait UIInterfaceOrientationPortraitUpsideDown UIInterfaceOrientationLandscapeLeft UIInterfaceOrientationLandscapeRight";
				INFOPLIST_KEY_UISupportedInterfaceOrientations_iPhone = "UIInterfaceOrientationPortrait UIInterfaceOrientationLandscapeLeft UIInterfaceOrientationLandscapeRight";
				LD_RUNPATH_SEARCH_PATHS = (
					"$(inherited)",
					"@executable_path/Frameworks",
				);
				MARKETING_VERSION = 1.0;
				PRODUCT_BUNDLE_IDENTIFIER = com.kilmer.GitHubApp;
				PRODUCT_NAME = "$(TARGET_NAME)";
				SWIFT_EMIT_LOC_STRINGS = YES;
				SWIFT_VERSION = 5.0;
				TARGETED_DEVICE_FAMILY = "1,2";
			};
			name = Debug;
		};
		5D005FAA2A17D74900ABA6D4 /* Release */ = {
			isa = XCBuildConfiguration;
			buildSettings = {
				ASSETCATALOG_COMPILER_APPICON_NAME = AppIcon;
				ASSETCATALOG_COMPILER_GLOBAL_ACCENT_COLOR_NAME = AccentColor;
				CODE_SIGN_STYLE = Automatic;
				CURRENT_PROJECT_VERSION = 1;
				DEVELOPMENT_TEAM = JA3K44V4L9;
				GENERATE_INFOPLIST_FILE = YES;
				INFOPLIST_FILE = GitHubApp/Info.plist;
				INFOPLIST_KEY_UIApplicationSupportsIndirectInputEvents = YES;
				INFOPLIST_KEY_UILaunchStoryboardName = LaunchScreen;
				INFOPLIST_KEY_UISupportedInterfaceOrientations_iPad = "UIInterfaceOrientationPortrait UIInterfaceOrientationPortraitUpsideDown UIInterfaceOrientationLandscapeLeft UIInterfaceOrientationLandscapeRight";
				INFOPLIST_KEY_UISupportedInterfaceOrientations_iPhone = "UIInterfaceOrientationPortrait UIInterfaceOrientationLandscapeLeft UIInterfaceOrientationLandscapeRight";
				LD_RUNPATH_SEARCH_PATHS = (
					"$(inherited)",
					"@executable_path/Frameworks",
				);
				MARKETING_VERSION = 1.0;
				PRODUCT_BUNDLE_IDENTIFIER = com.kilmer.GitHubApp;
				PRODUCT_NAME = "$(TARGET_NAME)";
				SWIFT_EMIT_LOC_STRINGS = YES;
				SWIFT_VERSION = 5.0;
				TARGETED_DEVICE_FAMILY = "1,2";
			};
			name = Release;
		};
/* End XCBuildConfiguration section */

/* Begin XCConfigurationList section */
		5D005F8F2A17D74800ABA6D4 /* Build configuration list for PBXProject "GitHubApp" */ = {
			isa = XCConfigurationList;
			buildConfigurations = (
				5D005FA62A17D74900ABA6D4 /* Debug */,
				5D005FA72A17D74900ABA6D4 /* Release */,
			);
			defaultConfigurationIsVisible = 0;
			defaultConfigurationName = Release;
		};
		5D005FA82A17D74900ABA6D4 /* Build configuration list for PBXNativeTarget "GitHubApp" */ = {
			isa = XCConfigurationList;
			buildConfigurations = (
				5D005FA92A17D74900ABA6D4 /* Debug */,
				5D005FAA2A17D74900ABA6D4 /* Release */,
			);
			defaultConfigurationIsVisible = 0;
			defaultConfigurationName = Release;
		};
/* End XCConfigurationList section */
	};
	rootObject = 5D005F8C2A17D74800ABA6D4 /* Project object */;
}
